
Microsoft Visual Studio Solution File, Format Version 12.00
# Visual Studio Version 16
VisualStudioVersion = 16.0.30523.141
MinimumVisualStudioVersion = 10.0.40219.1
Project("{8BC9CEB8-8B4A-11D0-8D11-00A0C91BC942}") = "Project1", "Project1.vcxproj", "{37BA405D-FA05-4589-BA8D-58B22D9662D4}"
EndProject
Global
	GlobalSection(SolutionConfigurationPlatforms) = preSolution
		Debug|x64 = Debug|x64
		Debug|x86 = Debug|x86
		Release|x64 = Release|x64
		Release|x86 = Release|x86
	EndGlobalSection
	GlobalSection(ProjectConfigurationPlatforms) = postSolution
		{37BA405D-FA05-4589-BA8D-58B22D9662D4}.Debug|x64.ActiveCfg = Debug|x64
		{37BA405D-FA05-4589-BA8D-58B22D9662D4}.Debug|x64.Build.0 = Debug|x64
		{37BA405D-FA05-4589-BA8D-58B22D9662D4}.Debug|x86.ActiveCfg = Debug|Win32
		{37BA405D-FA05-4589-BA8D-58B22D9662D4}.Debug|x86.Build.0 = Debug|Win32
		{37BA405D-FA05-4589-BA8D-58B22D9662D4}.Release|x64.ActiveCfg = Release|x64
		{37BA405D-FA05-4589-BA8D-58B22D9662D4}.Release|x64.Build.0 = Release|x64
		{37BA405D-FA05-4589-BA8D-58B22D9662D4}.Release|x86.ActiveCfg = Release|Win32
		{37BA405D-FA05-4589-BA8D-58B22D9662D4}.Release|x86.Build.0 = Release|Win32
	EndGlobalSection
	GlobalSection(SolutionProperties) = preSolution
		HideSolutionNode = FALSE
	EndGlobalSection
	GlobalSection(ExtensibilityGlobals) = postSolution
		SolutionGuid = {301FBF12-182C-4D74-B35E-34AB0675AF28}
	EndGlobalSection
EndGlobal
